// !$*UTF8*$!
{
	archiveVersion = 1;
	classes = {
	};
	objectVersion = 46;
	objects = {

/* Begin PBXBuildFile section */
		210813B3188AD38400921696 /* Foundation.framework in Frameworks */ = {isa = PBXBuildFile; fileRef = 210813B2188AD38400921696 /* Foundation.framework */; };
		210813B5188AD38400921696 /* CoreGraphics.framework in Frameworks */ = {isa = PBXBuildFile; fileRef = 210813B4188AD38400921696 /* CoreGraphics.framework */; };
		210813B7188AD38400921696 /* UIKit.framework in Frameworks */ = {isa = PBXBuildFile; fileRef = 210813B6188AD38400921696 /* UIKit.framework */; };
		210813BD188AD38400921696 /* InfoPlist.strings in Resources */ = {isa = PBXBuildFile; fileRef = 210813BB188AD38400921696 /* InfoPlist.strings */; };
		210813BF188AD38400921696 /* main.m in Sources */ = {isa = PBXBuildFile; fileRef = 210813BE188AD38400921696 /* main.m */; };
		210813C3188AD38400921696 /* AppDelegate.m in Sources */ = {isa = PBXBuildFile; fileRef = 210813C2188AD38400921696 /* AppDelegate.m */; };
		210813C6188AD38400921696 /* Main.storyboard in Resources */ = {isa = PBXBuildFile; fileRef = 210813C4188AD38400921696 /* Main.storyboard */; };
		210813C9188AD38400921696 /* ViewController.m in Sources */ = {isa = PBXBuildFile; fileRef = 210813C8188AD38400921696 /* ViewController.m */; };
		210813CB188AD38400921696 /* Images.xcassets in Resources */ = {isa = PBXBuildFile; fileRef = 210813CA188AD38400921696 /* Images.xcassets */; };
		210813D2188AD38400921696 /* XCTest.framework in Frameworks */ = {isa = PBXBuildFile; fileRef = 210813D1188AD38400921696 /* XCTest.framework */; };
		210813D3188AD38400921696 /* Foundation.framework in Frameworks */ = {isa = PBXBuildFile; fileRef = 210813B2188AD38400921696 /* Foundation.framework */; };
		210813D4188AD38400921696 /* UIKit.framework in Frameworks */ = {isa = PBXBuildFile; fileRef = 210813B6188AD38400921696 /* UIKit.framework */; };
		210813DC188AD38400921696 /* InfoPlist.strings in Resources */ = {isa = PBXBuildFile; fileRef = 210813DA188AD38400921696 /* InfoPlist.strings */; };
		210813DE188AD38400921696 /* BalloonsCooperationTests.m in Sources */ = {isa = PBXBuildFile; fileRef = 210813DD188AD38400921696 /* BalloonsCooperationTests.m */; };
		210813F2188AD66B00921696 /* airPumpBottomRed.png in Resources */ = {isa = PBXBuildFile; fileRef = 210813E8188AD66B00921696 /* airPumpBottomRed.png */; };
		210813F3188AD66B00921696 /* airPumpTop.png in Resources */ = {isa = PBXBuildFile; fileRef = 210813E9188AD66B00921696 /* airPumpTop.png */; };
		210813F6188AD66B00921696 /* cloudBG.jpg in Resources */ = {isa = PBXBuildFile; fileRef = 210813EC188AD66B00921696 /* cloudBG.jpg */; };
		210813F7188AD66B00921696 /* cloudBig.png in Resources */ = {isa = PBXBuildFile; fileRef = 210813ED188AD66B00921696 /* cloudBig.png */; };
		210813F8188AD66B00921696 /* cloudSmall.png in Resources */ = {isa = PBXBuildFile; fileRef = 210813EE188AD66B00921696 /* cloudSmall.png */; };
		210813F9188AD66B00921696 /* greenBG.png in Resources */ = {isa = PBXBuildFile; fileRef = 210813EF188AD66B00921696 /* greenBG.png */; };
		21081405188AD96000921696 /* BalloonView.m in Sources */ = {isa = PBXBuildFile; fileRef = 21081404188AD96000921696 /* BalloonView.m */; };
		21081408188ADA5D00921696 /* AirTubeView.m in Sources */ = {isa = PBXBuildFile; fileRef = 21081407188ADA5D00921696 /* AirTubeView.m */; };
		2108140F188ADC3F00921696 /* UIBezierPath+AirTubeGlyph.m in Sources */ = {isa = PBXBuildFile; fileRef = 2108140E188ADC3F00921696 /* UIBezierPath+AirTubeGlyph.m */; };
		21081412188ADCDA00921696 /* AirPumpView.m in Sources */ = {isa = PBXBuildFile; fileRef = 21081411188ADCDA00921696 /* AirPumpView.m */; };
		21081415188ADE9E00921696 /* CloudView.m in Sources */ = {isa = PBXBuildFile; fileRef = 21081414188ADE9E00921696 /* CloudView.m */; };
		21081418188ADF6800921696 /* IdeaView.m in Sources */ = {isa = PBXBuildFile; fileRef = 21081417188ADF6800921696 /* IdeaView.m */; };
		2119E6E1188C8B330022C6B9 /* orangeBalloon.png in Resources */ = {isa = PBXBuildFile; fileRef = 2119E6E0188C8B330022C6B9 /* orangeBalloon.png */; };
		2119E6E3188C8B810022C6B9 /* yellowDot.png in Resources */ = {isa = PBXBuildFile; fileRef = 2119E6E2188C8B810022C6B9 /* yellowDot.png */; };
/* End PBXBuildFile section */

/* Begin PBXContainerItemProxy section */
		210813D5188AD38400921696 /* PBXContainerItemProxy */ = {
			isa = PBXContainerItemProxy;
			containerPortal = 210813A7188AD38400921696 /* Project object */;
			proxyType = 1;
			remoteGlobalIDString = 210813AE188AD38400921696;
			remoteInfo = BalloonsCooperation;
		};
/* End PBXContainerItemProxy section */

/* Begin PBXFileReference section */
		210813AF188AD38400921696 /* BalloonsCooperation.app */ = {isa = PBXFileReference; explicitFileType = wrapper.application; includeInIndex = 0; path = BalloonsCooperation.app; sourceTree = BUILT_PRODUCTS_DIR; };
		210813B2188AD38400921696 /* Foundation.framework */ = {isa = PBXFileReference; lastKnownFileType = wrapper.framework; name = Foundation.framework; path = System/Library/Frameworks/Foundation.framework; sourceTree = SDKROOT; };
		210813B4188AD38400921696 /* CoreGraphics.framework */ = {isa = PBXFileReference; lastKnownFileType = wrapper.framework; name = CoreGraphics.framework; path = System/Library/Frameworks/CoreGraphics.framework; sourceTree = SDKROOT; };
		210813B6188AD38400921696 /* UIKit.framework */ = {isa = PBXFileReference; lastKnownFileType = wrapper.framework; name = UIKit.framework; path = System/Library/Frameworks/UIKit.framework; sourceTree = SDKROOT; };
		210813BA188AD38400921696 /* BalloonsCooperation-Info.plist */ = {isa = PBXFileReference; lastKnownFileType = text.plist.xml; path = "BalloonsCooperation-Info.plist"; sourceTree = "<group>"; };
		210813BC188AD38400921696 /* en */ = {isa = PBXFileReference; lastKnownFileType = text.plist.strings; name = en; path = en.lproj/InfoPlist.strings; sourceTree = "<group>"; };
		210813BE188AD38400921696 /* main.m */ = {isa = PBXFileReference; lastKnownFileType = sourcecode.c.objc; path = main.m; sourceTree = "<group>"; };
		210813C0188AD38400921696 /* BalloonsCooperation-Prefix.pch */ = {isa = PBXFileReference; lastKnownFileType = sourcecode.c.h; path = "BalloonsCooperation-Prefix.pch"; sourceTree = "<group>"; };
		210813C1188AD38400921696 /* AppDelegate.h */ = {isa = PBXFileReference; lastKnownFileType = sourcecode.c.h; path = AppDelegate.h; sourceTree = "<group>"; };
		210813C2188AD38400921696 /* AppDelegate.m */ = {isa = PBXFileReference; lastKnownFileType = sourcecode.c.objc; path = AppDelegate.m; sourceTree = "<group>"; };
		210813C5188AD38400921696 /* Base */ = {isa = PBXFileReference; lastKnownFileType = file.storyboard; name = Base; path = Base.lproj/Main.storyboard; sourceTree = "<group>"; };
		210813C7188AD38400921696 /* ViewController.h */ = {isa = PBXFileReference; lastKnownFileType = sourcecode.c.h; path = ViewController.h; sourceTree = "<group>"; };
		210813C8188AD38400921696 /* ViewController.m */ = {isa = PBXFileReference; lastKnownFileType = sourcecode.c.objc; path = ViewController.m; sourceTree = "<group>"; };
		210813CA188AD38400921696 /* Images.xcassets */ = {isa = PBXFileReference; lastKnownFileType = folder.assetcatalog; path = Images.xcassets; sourceTree = "<group>"; };
		210813D0188AD38400921696 /* BalloonsCooperationTests.xctest */ = {isa = PBXFileReference; explicitFileType = wrapper.cfbundle; includeInIndex = 0; path = BalloonsCooperationTests.xctest; sourceTree = BUILT_PRODUCTS_DIR; };
		210813D1188AD38400921696 /* XCTest.framework */ = {isa = PBXFileReference; lastKnownFileType = wrapper.framework; name = XCTest.framework; path = Library/Frameworks/XCTest.framework; sourceTree = DEVELOPER_DIR; };
		210813D9188AD38400921696 /* BalloonsCooperationTests-Info.plist */ = {isa = PBXFileReference; lastKnownFileType = text.plist.xml; path = "BalloonsCooperationTests-Info.plist"; sourceTree = "<group>"; };
		210813DB188AD38400921696 /* en */ = {isa = PBXFileReference; lastKnownFileType = text.plist.strings; name = en; path = en.lproj/InfoPlist.strings; sourceTree = "<group>"; };
		210813DD188AD38400921696 /* BalloonsCooperationTests.m */ = {isa = PBXFileReference; lastKnownFileType = sourcecode.c.objc; path = BalloonsCooperationTests.m; sourceTree = "<group>"; };
		210813E8188AD66B00921696 /* airPumpBottomRed.png */ = {isa = PBXFileReference; lastKnownFileType = image.png; path = airPumpBottomRed.png; sourceTree = "<group>"; };
		210813E9188AD66B00921696 /* airPumpTop.png */ = {isa = PBXFileReference; lastKnownFileType = image.png; path = airPumpTop.png; sourceTree = "<group>"; };
		210813EC188AD66B00921696 /* cloudBG.jpg */ = {isa = PBXFileReference; lastKnownFileType = image.jpeg; path = cloudBG.jpg; sourceTree = "<group>"; };
		210813ED188AD66B00921696 /* cloudBig.png */ = {isa = PBXFileReference; lastKnownFileType = image.png; path = cloudBig.png; sourceTree = "<group>"; };
		210813EE188AD66B00921696 /* cloudSmall.png */ = {isa = PBXFileReference; lastKnownFileType = image.png; path = cloudSmall.png; sourceTree = "<group>"; };
		210813EF188AD66B00921696 /* greenBG.png */ = {isa = PBXFileReference; lastKnownFileType = image.png; path = greenBG.png; sourceTree = "<group>"; };
		21081403188AD96000921696 /* BalloonView.h */ = {isa = PBXFileReference; fileEncoding = 4; lastKnownFileType = sourcecode.c.h; path = BalloonView.h; sourceTree = "<group>"; };
		21081404188AD96000921696 /* BalloonView.m */ = {isa = PBXFileReference; fileEncoding = 4; lastKnownFileType = sourcecode.c.objc; path = BalloonView.m; sourceTree = "<group>"; };
		21081406188ADA5D00921696 /* AirTubeView.h */ = {isa = PBXFileReference; fileEncoding = 4; lastKnownFileType = sourcecode.c.h; path = AirTubeView.h; sourceTree = "<group>"; };
		21081407188ADA5D00921696 /* AirTubeView.m */ = {isa = PBXFileReference; fileEncoding = 4; lastKnownFileType = sourcecode.c.objc; path = AirTubeView.m; sourceTree = "<group>"; };
		2108140D188ADC3F00921696 /* UIBezierPath+AirTubeGlyph.h */ = {isa = PBXFileReference; fileEncoding = 4; lastKnownFileType = sourcecode.c.h; path = "UIBezierPath+AirTubeGlyph.h"; sourceTree = "<group>"; };
		2108140E188ADC3F00921696 /* UIBezierPath+AirTubeGlyph.m */ = {isa = PBXFileReference; fileEncoding = 4; lastKnownFileType = sourcecode.c.objc; path = "UIBezierPath+AirTubeGlyph.m"; sourceTree = "<group>"; };
		21081410188ADCDA00921696 /* AirPumpView.h */ = {isa = PBXFileReference; fileEncoding = 4; lastKnownFileType = sourcecode.c.h; path = AirPumpView.h; sourceTree = "<group>"; };
		21081411188ADCDA00921696 /* AirPumpView.m */ = {isa = PBXFileReference; fileEncoding = 4; lastKnownFileType = sourcecode.c.objc; path = AirPumpView.m; sourceTree = "<group>"; };
		21081413188ADE9E00921696 /* CloudView.h */ = {isa = PBXFileReference; fileEncoding = 4; lastKnownFileType = sourcecode.c.h; path = CloudView.h; sourceTree = "<group>"; };
		21081414188ADE9E00921696 /* CloudView.m */ = {isa = PBXFileReference; fileEncoding = 4; lastKnownFileType = sourcecode.c.objc; path = CloudView.m; sourceTree = "<group>"; };
		21081416188ADF6800921696 /* IdeaView.h */ = {isa = PBXFileReference; fileEncoding = 4; lastKnownFileType = sourcecode.c.h; path = IdeaView.h; sourceTree = "<group>"; };
		21081417188ADF6800921696 /* IdeaView.m */ = {isa = PBXFileReference; fileEncoding = 4; lastKnownFileType = sourcecode.c.objc; path = IdeaView.m; sourceTree = "<group>"; };
		2119E6E0188C8B330022C6B9 /* orangeBalloon.png */ = {isa = PBXFileReference; lastKnownFileType = image.png; path = orangeBalloon.png; sourceTree = "<group>"; };
		2119E6E2188C8B810022C6B9 /* yellowDot.png */ = {isa = PBXFileReference; lastKnownFileType = image.png; path = yellowDot.png; sourceTree = "<group>"; };
/* End PBXFileReference section */

/* Begin PBXFrameworksBuildPhase section */
		210813AC188AD38400921696 /* Frameworks */ = {
			isa = PBXFrameworksBuildPhase;
			buildActionMask = 2147483647;
			files = (
				210813B5188AD38400921696 /* CoreGraphics.framework in Frameworks */,
				210813B7188AD38400921696 /* UIKit.framework in Frameworks */,
				210813B3188AD38400921696 /* Foundation.framework in Frameworks */,
			);
			runOnlyForDeploymentPostprocessing = 0;
		};
		210813CD188AD38400921696 /* Frameworks */ = {
			isa = PBXFrameworksBuildPhase;
			buildActionMask = 2147483647;
			files = (
				210813D2188AD38400921696 /* XCTest.framework in Frameworks */,
				210813D4188AD38400921696 /* UIKit.framework in Frameworks */,
				210813D3188AD38400921696 /* Foundation.framework in Frameworks */,
			);
			runOnlyForDeploymentPostprocessing = 0;
		};
/* End PBXFrameworksBuildPhase section */

/* Begin PBXGroup section */
		210813A6188AD38400921696 = {
			isa = PBXGroup;
			children = (
				210813B8188AD38400921696 /* BalloonsCooperation */,
				210813D7188AD38400921696 /* BalloonsCooperationTests */,
				210813B1188AD38400921696 /* Frameworks */,
				210813B0188AD38400921696 /* Products */,
			);
			sourceTree = "<group>";
		};
		210813B0188AD38400921696 /* Products */ = {
			isa = PBXGroup;
			children = (
				210813AF188AD38400921696 /* BalloonsCooperation.app */,
				210813D0188AD38400921696 /* BalloonsCooperationTests.xctest */,
			);
			name = Products;
			sourceTree = "<group>";
		};
		210813B1188AD38400921696 /* Frameworks */ = {
			isa = PBXGroup;
			children = (
				210813B2188AD38400921696 /* Foundation.framework */,
				210813B4188AD38400921696 /* CoreGraphics.framework */,
				210813B6188AD38400921696 /* UIKit.framework */,
				210813D1188AD38400921696 /* XCTest.framework */,
			);
			name = Frameworks;
			sourceTree = "<group>";
		};
		210813B8188AD38400921696 /* BalloonsCooperation */ = {
			isa = PBXGroup;
			children = (
				210813C4188AD38400921696 /* Main.storyboard */,
				210813CA188AD38400921696 /* Images.xcassets */,
				210813C1188AD38400921696 /* AppDelegate.h */,
				210813C2188AD38400921696 /* AppDelegate.m */,
				21081413188ADE9E00921696 /* CloudView.h */,
				21081414188ADE9E00921696 /* CloudView.m */,
				21081403188AD96000921696 /* BalloonView.h */,
				21081404188AD96000921696 /* BalloonView.m */,
				21081416188ADF6800921696 /* IdeaView.h */,
				21081417188ADF6800921696 /* IdeaView.m */,
				21081406188ADA5D00921696 /* AirTubeView.h */,
				21081407188ADA5D00921696 /* AirTubeView.m */,
				21081410188ADCDA00921696 /* AirPumpView.h */,
				21081411188ADCDA00921696 /* AirPumpView.m */,
				210813C7188AD38400921696 /* ViewController.h */,
				210813C8188AD38400921696 /* ViewController.m */,
				2108140C188ADC0200921696 /* Glyphs */,
				210813E7188AD62200921696 /* Images */,
				210813B9188AD38400921696 /* Supporting Files */,
			);
			path = BalloonsCooperation;
			sourceTree = "<group>";
		};
		210813B9188AD38400921696 /* Supporting Files */ = {
			isa = PBXGroup;
			children = (
				210813BA188AD38400921696 /* BalloonsCooperation-Info.plist */,
				210813BB188AD38400921696 /* InfoPlist.strings */,
				210813BE188AD38400921696 /* main.m */,
				210813C0188AD38400921696 /* BalloonsCooperation-Prefix.pch */,
			);
			name = "Supporting Files";
			sourceTree = "<group>";
		};
		210813D7188AD38400921696 /* BalloonsCooperationTests */ = {
			isa = PBXGroup;
			children = (
				210813DD188AD38400921696 /* BalloonsCooperationTests.m */,
				210813D8188AD38400921696 /* Supporting Files */,
			);
			path = BalloonsCooperationTests;
			sourceTree = "<group>";
		};
		210813D8188AD38400921696 /* Supporting Files */ = {
			isa = PBXGroup;
			children = (
				210813D9188AD38400921696 /* BalloonsCooperationTests-Info.plist */,
				210813DA188AD38400921696 /* InfoPlist.strings */,
			);
			name = "Supporting Files";
			sourceTree = "<group>";
		};
		210813E7188AD62200921696 /* Images */ = {
			isa = PBXGroup;
			children = (
				210813E8188AD66B00921696 /* airPumpBottomRed.png */,
				210813E9188AD66B00921696 /* airPumpTop.png */,
				210813EC188AD66B00921696 /* cloudBG.jpg */,
				210813ED188AD66B00921696 /* cloudBig.png */,
				210813EE188AD66B00921696 /* cloudSmall.png */,
				210813EF188AD66B00921696 /* greenBG.png */,
				2119E6E0188C8B330022C6B9 /* orangeBalloon.png */,
				2119E6E2188C8B810022C6B9 /* yellowDot.png */,
			);
			path = Images;
			sourceTree = "<group>";
		};
		2108140C188ADC0200921696 /* Glyphs */ = {
			isa = PBXGroup;
			children = (
				2108140D188ADC3F00921696 /* UIBezierPath+AirTubeGlyph.h */,
				2108140E188ADC3F00921696 /* UIBezierPath+AirTubeGlyph.m */,
			);
			path = Glyphs;
			sourceTree = "<group>";
		};
/* End PBXGroup section */

/* Begin PBXNativeTarget section */
		210813AE188AD38400921696 /* BalloonsCooperation */ = {
			isa = PBXNativeTarget;
			buildConfigurationList = 210813E1188AD38400921696 /* Build configuration list for PBXNativeTarget "BalloonsCooperation" */;
			buildPhases = (
				210813AB188AD38400921696 /* Sources */,
				210813AC188AD38400921696 /* Frameworks */,
				210813AD188AD38400921696 /* Resources */,
			);
			buildRules = (
			);
			dependencies = (
			);
			name = BalloonsCooperation;
			productName = BalloonsCooperation;
			productReference = 210813AF188AD38400921696 /* BalloonsCooperation.app */;
			productType = "com.apple.product-type.application";
		};
		210813CF188AD38400921696 /* BalloonsCooperationTests */ = {
			isa = PBXNativeTarget;
			buildConfigurationList = 210813E4188AD38400921696 /* Build configuration list for PBXNativeTarget "BalloonsCooperationTests" */;
			buildPhases = (
				210813CC188AD38400921696 /* Sources */,
				210813CD188AD38400921696 /* Frameworks */,
				210813CE188AD38400921696 /* Resources */,
			);
			buildRules = (
			);
			dependencies = (
				210813D6188AD38400921696 /* PBXTargetDependency */,
			);
			name = BalloonsCooperationTests;
			productName = BalloonsCooperationTests;
			productReference = 210813D0188AD38400921696 /* BalloonsCooperationTests.xctest */;
			productType = "com.apple.product-type.bundle.unit-test";
		};
/* End PBXNativeTarget section */

/* Begin PBXProject section */
		210813A7188AD38400921696 /* Project object */ = {
			isa = PBXProject;
			attributes = {
				LastUpgradeCheck = 0500;
				ORGANIZATIONNAME = "Stephanie Ta";
				TargetAttributes = {
					210813CF188AD38400921696 = {
						TestTargetID = 210813AE188AD38400921696;
					};
				};
			};
			buildConfigurationList = 210813AA188AD38400921696 /* Build configuration list for PBXProject "BalloonsCooperation" */;
			compatibilityVersion = "Xcode 3.2";
			developmentRegion = English;
			hasScannedForEncodings = 0;
			knownRegions = (
				en,
				Base,
			);
			mainGroup = 210813A6188AD38400921696;
			productRefGroup = 210813B0188AD38400921696 /* Products */;
			projectDirPath = "";
			projectRoot = "";
			targets = (
				210813AE188AD38400921696 /* BalloonsCooperation */,
				210813CF188AD38400921696 /* BalloonsCooperationTests */,
			);
		};
/* End PBXProject section */

/* Begin PBXResourcesBuildPhase section */
		210813AD188AD38400921696 /* Resources */ = {
			isa = PBXResourcesBuildPhase;
			buildActionMask = 2147483647;
			files = (
				210813F3188AD66B00921696 /* airPumpTop.png in Resources */,
				210813CB188AD38400921696 /* Images.xcassets in Resources */,
				210813F7188AD66B00921696 /* cloudBig.png in Resources */,
				2119E6E1188C8B330022C6B9 /* orangeBalloon.png in Resources */,
				210813F9188AD66B00921696 /* greenBG.png in Resources */,
				210813F6188AD66B00921696 /* cloudBG.jpg in Resources */,
				210813F2188AD66B00921696 /* airPumpBottomRed.png in Resources */,
				210813BD188AD38400921696 /* InfoPlist.strings in Resources */,
				210813C6188AD38400921696 /* Main.storyboard in Resources */,
				210813F8188AD66B00921696 /* cloudSmall.png in Resources */,
				2119E6E3188C8B810022C6B9 /* yellowDot.png in Resources */,
			);
			runOnlyForDeploymentPostprocessing = 0;
		};
		210813CE188AD38400921696 /* Resources */ = {
			isa = PBXResourcesBuildPhase;
			buildActionMask = 2147483647;
			files = (
				210813DC188AD38400921696 /* InfoPlist.strings in Resources */,
			);
			runOnlyForDeploymentPostprocessing = 0;
		};
/* End PBXResourcesBuildPhase section */

/* Begin PBXSourcesBuildPhase section */
		210813AB188AD38400921696 /* Sources */ = {
			isa = PBXSourcesBuildPhase;
			buildActionMask = 2147483647;
			files = (
				21081415188ADE9E00921696 /* CloudView.m in Sources */,
				21081412188ADCDA00921696 /* AirPumpView.m in Sources */,
				210813C9188AD38400921696 /* ViewController.m in Sources */,
				2108140F188ADC3F00921696 /* UIBezierPath+AirTubeGlyph.m in Sources */,
				21081418188ADF6800921696 /* IdeaView.m in Sources */,
				21081408188ADA5D00921696 /* AirTubeView.m in Sources */,
				210813C3188AD38400921696 /* AppDelegate.m in Sources */,
				21081405188AD96000921696 /* BalloonView.m in Sources */,
				210813BF188AD38400921696 /* main.m in Sources */,
			);
			runOnlyForDeploymentPostprocessing = 0;
		};
		210813CC188AD38400921696 /* Sources */ = {
			isa = PBXSourcesBuildPhase;
			buildActionMask = 2147483647;
			files = (
				210813DE188AD38400921696 /* BalloonsCooperationTests.m in Sources */,
			);
			runOnlyForDeploymentPostprocessing = 0;
		};
/* End PBXSourcesBuildPhase section */

/* Begin PBXTargetDependency section */
		210813D6188AD38400921696 /* PBXTargetDependency */ = {
			isa = PBXTargetDependency;
			target = 210813AE188AD38400921696 /* BalloonsCooperation */;
			targetProxy = 210813D5188AD38400921696 /* PBXContainerItemProxy */;
		};
/* End PBXTargetDependency section */

/* Begin PBXVariantGroup section */
		210813BB188AD38400921696 /* InfoPlist.strings */ = {
			isa = PBXVariantGroup;
			children = (
				210813BC188AD38400921696 /* en */,
			);
			name = InfoPlist.strings;
			sourceTree = "<group>";
		};
		210813C4188AD38400921696 /* Main.storyboard */ = {
			isa = PBXVariantGroup;
			children = (
				210813C5188AD38400921696 /* Base */,
			);
			name = Main.storyboard;
			sourceTree = "<group>";
		};
		210813DA188AD38400921696 /* InfoPlist.strings */ = {
			isa = PBXVariantGroup;
			children = (
				210813DB188AD38400921696 /* en */,
			);
			name = InfoPlist.strings;
			sourceTree = "<group>";
		};
/* End PBXVariantGroup section */

/* Begin XCBuildConfiguration section */
		210813DF188AD38400921696 /* Debug */ = {
			isa = XCBuildConfiguration;
			buildSettings = {
				ALWAYS_SEARCH_USER_PATHS = NO;
				ARCHS = "$(ARCHS_STANDARD_INCLUDING_64_BIT)";
				CLANG_CXX_LANGUAGE_STANDARD = "gnu++0x";
				CLANG_CXX_LIBRARY = "libc++";
				CLANG_ENABLE_MODULES = YES;
				CLANG_ENABLE_OBJC_ARC = YES;
				CLANG_WARN_BOOL_CONVERSION = YES;
				CLANG_WARN_CONSTANT_CONVERSION = YES;
				CLANG_WARN_DIRECT_OBJC_ISA_USAGE = YES_ERROR;
				CLANG_WARN_EMPTY_BODY = YES;
				CLANG_WARN_ENUM_CONVERSION = YES;
				CLANG_WARN_INT_CONVERSION = YES;
				CLANG_WARN_OBJC_ROOT_CLASS = YES_ERROR;
				CLANG_WARN__DUPLICATE_METHOD_MATCH = YES;
				"CODE_SIGN_IDENTITY[sdk=iphoneos*]" = "iPhone Developer";
				COPY_PHASE_STRIP = NO;
				GCC_C_LANGUAGE_STANDARD = gnu99;
				GCC_DYNAMIC_NO_PIC = NO;
				GCC_OPTIMIZATION_LEVEL = 0;
				GCC_PREPROCESSOR_DEFINITIONS = (
					"DEBUG=1",
					"$(inherited)",
				);
				GCC_SYMBOLS_PRIVATE_EXTERN = NO;
				GCC_WARN_64_TO_32_BIT_CONVERSION = YES;
				GCC_WARN_ABOUT_RETURN_TYPE = YES_ERROR;
				GCC_WARN_UNDECLARED_SELECTOR = YES;
				GCC_WARN_UNINITIALIZED_AUTOS = YES;
				GCC_WARN_UNUSED_FUNCTION = YES;
				GCC_WARN_UNUSED_VARIABLE = YES;
				IPHONEOS_DEPLOYMENT_TARGET = 7.0;
				ONLY_ACTIVE_ARCH = YES;
				SDKROOT = iphoneos;
			};
			name = Debug;
		};
		210813E0188AD38400921696 /* Release */ = {
			isa = XCBuildConfiguration;
			buildSettings = {
				ALWAYS_SEARCH_USER_PATHS = NO;
				ARCHS = "$(ARCHS_STANDARD_INCLUDING_64_BIT)";
				CLANG_CXX_LANGUAGE_STANDARD = "gnu++0x";
				CLANG_CXX_LIBRARY = "libc++";
				CLANG_ENABLE_MODULES = YES;
				CLANG_ENABLE_OBJC_ARC = YES;
				CLANG_WARN_BOOL_CONVERSION = YES;
				CLANG_WARN_CONSTANT_CONVERSION = YES;
				CLANG_WARN_DIRECT_OBJC_ISA_USAGE = YES_ERROR;
				CLANG_WARN_EMPTY_BODY = YES;
				CLANG_WARN_ENUM_CONVERSION = YES;
				CLANG_WARN_INT_CONVERSION = YES;
				CLANG_WARN_OBJC_ROOT_CLASS = YES_ERROR;
				CLANG_WARN__DUPLICATE_METHOD_MATCH = YES;
				"CODE_SIGN_IDENTITY[sdk=iphoneos*]" = "iPhone Developer";
				COPY_PHASE_STRIP = YES;
				ENABLE_NS_ASSERTIONS = NO;
				GCC_C_LANGUAGE_STANDARD = gnu99;
				GCC_WARN_64_TO_32_BIT_CONVERSION = YES;
				GCC_WARN_ABOUT_RETURN_TYPE = YES_ERROR;
				GCC_WARN_UNDECLARED_SELECTOR = YES;
				GCC_WARN_UNINITIALIZED_AUTOS = YES;
				GCC_WARN_UNUSED_FUNCTION = YES;
				GCC_WARN_UNUSED_VARIABLE = YES;
				IPHONEOS_DEPLOYMENT_TARGET = 7.0;
				SDKROOT = iphoneos;
				VALIDATE_PRODUCT = YES;
			};
			name = Release;
		};
		210813E2188AD38400921696 /* Debug */ = {
			isa = XCBuildConfiguration;
			buildSettings = {
				ASSETCATALOG_COMPILER_APPICON_NAME = AppIcon;
				ASSETCATALOG_COMPILER_LAUNCHIMAGE_NAME = LaunchImage;
				GCC_PRECOMPILE_PREFIX_HEADER = YES;
				GCC_PREFIX_HEADER = "BalloonsCooperation/BalloonsCooperation-Prefix.pch";
				INFOPLIST_FILE = "BalloonsCooperation/BalloonsCooperation-Info.plist";
				PRODUCT_NAME = "$(TARGET_NAME)";
				WRAPPER_EXTENSION = app;
			};
			name = Debug;
		};
		210813E3188AD38400921696 /* Release */ = {
			isa = XCBuildConfiguration;
			buildSettings = {
				ASSETCATALOG_COMPILER_APPICON_NAME = AppIcon;
				ASSETCATALOG_COMPILER_LAUNCHIMAGE_NAME = LaunchImage;
				GCC_PRECOMPILE_PREFIX_HEADER = YES;
				GCC_PREFIX_HEADER = "BalloonsCooperation/BalloonsCooperation-Prefix.pch";
				INFOPLIST_FILE = "BalloonsCooperation/BalloonsCooperation-Info.plist";
				PRODUCT_NAME = "$(TARGET_NAME)";
				WRAPPER_EXTENSION = app;
			};
			name = Release;
		};
		210813E5188AD38400921696 /* Debug */ = {
			isa = XCBuildConfiguration;
			buildSettings = {
				ARCHS = "$(ARCHS_STANDARD_INCLUDING_64_BIT)";
				BUNDLE_LOADER = "$(BUILT_PRODUCTS_DIR)/BalloonsCooperation.app/BalloonsCooperation";
				FRAMEWORK_SEARCH_PATHS = (
					"$(SDKROOT)/Developer/Library/Frameworks",
					"$(inherited)",
					"$(DEVELOPER_FRAMEWORKS_DIR)",
				);
				GCC_PRECOMPILE_PREFIX_HEADER = YES;
				GCC_PREFIX_HEADER = "BalloonsCooperation/BalloonsCooperation-Prefix.pch";
				GCC_PREPROCESSOR_DEFINITIONS = (
					"DEBUG=1",
					"$(inherited)",
				);
				INFOPLIST_FILE = "BalloonsCooperationTests/BalloonsCooperationTests-Info.plist";
				PRODUCT_NAME = "$(TARGET_NAME)";
				TEST_HOST = "$(BUNDLE_LOADER)";
				WRAPPER_EXTENSION = xctest;
			};
			name = Debug;
		};
		210813E6188AD38400921696 /* Release */ = {
			isa = XCBuildConfiguration;
			buildSettings = {
				ARCHS = "$(ARCHS_STANDARD_INCLUDING_64_BIT)";
				BUNDLE_LOADER = "$(BUILT_PRODUCTS_DIR)/BalloonsCooperation.app/BalloonsCooperation";
				FRAMEWORK_SEARCH_PATHS = (
					"$(SDKROOT)/Developer/Library/Frameworks",
					"$(inherited)",
					"$(DEVELOPER_FRAMEWORKS_DIR)",
				);
				GCC_PRECOMPILE_PREFIX_HEADER = YES;
				GCC_PREFIX_HEADER = "BalloonsCooperation/BalloonsCooperation-Prefix.pch";
				INFOPLIST_FILE = "BalloonsCooperationTests/BalloonsCooperationTests-Info.plist";
				PRODUCT_NAME = "$(TARGET_NAME)";
				TEST_HOST = "$(BUNDLE_LOADER)";
				WRAPPER_EXTENSION = xctest;
			};
			name = Release;
		};
/* End XCBuildConfiguration section */

/* Begin XCConfigurationList section */
		210813AA188AD38400921696 /* Build configuration list for PBXProject "BalloonsCooperation" */ = {
			isa = XCConfigurationList;
			buildConfigurations = (
				210813DF188AD38400921696 /* Debug */,
				210813E0188AD38400921696 /* Release */,
			);
			defaultConfigurationIsVisible = 0;
			defaultConfigurationName = Release;
		};
		210813E1188AD38400921696 /* Build configuration list for PBXNativeTarget "BalloonsCooperation" */ = {
			isa = XCConfigurationList;
			buildConfigurations = (
				210813E2188AD38400921696 /* Debug */,
				210813E3188AD38400921696 /* Release */,
			);
			defaultConfigurationIsVisible = 0;
			defaultConfigurationName = Release;
		};
		210813E4188AD38400921696 /* Build configuration list for PBXNativeTarget "BalloonsCooperationTests" */ = {
			isa = XCConfigurationList;
			buildConfigurations = (
				210813E5188AD38400921696 /* Debug */,
				210813E6188AD38400921696 /* Release */,
			);
			defaultConfigurationIsVisible = 0;
			defaultConfigurationName = Release;
		};
/* End XCConfigurationList section */
	};
	rootObject = 210813A7188AD38400921696 /* Project object */;
}
